
Microsoft Visual Studio Solution File, Format Version 12.00
# Visual Studio Version 17
VisualStudioVersion = 17.4.33213.308
MinimumVisualStudioVersion = 10.0.40219.1
Project("{9A19103F-16F7-4668-BE54-9A1E7A4F7556}") = "Atilla Rustemli 25 fevral 5", "Atilla Rustemli 25 fevral 5\Atilla Rustemli 25 fevral 5.csproj", "{1094288D-0868-4024-B368-EF3E1DB64F43}"
EndProject
Project("{FAE04EC0-301F-11D3-BF4B-00C04F79EFBC}") = "Atilla Rustamli 25 fevral 1", "Atilla Rustamli 25 fevral 1\Atilla Rustamli 25 fevral 1.csproj", "{AF8C5834-6414-4C5F-BB7B-7951F9A5962D}"
EndProject
Project("{FAE04EC0-301F-11D3-BF4B-00C04F79EFBC}") = "Atilla Rustamli 25 fevral 2", "Atilla Rustamli 25 fevral 2\Atilla Rustamli 25 fevral 2.csproj", "{C66418C5-030F-4D04-822E-45DC0BB4CC90}"
EndProject
Project("{FAE04EC0-301F-11D3-BF4B-00C04F79EFBC}") = "Atilla Rustemli 25 fevral 3", "Atilla Rustemli 25 fevral 3\Atilla Rustemli 25 fevral 3.csproj", "{341597DE-EE66-43C5-BAB4-0E00C4C82B55}"
EndProject
Project("{FAE04EC0-301F-11D3-BF4B-00C04F79EFBC}") = "Atilla Rustamli 25 fevral 4", "Atilla Rustamli 25 fevral 4\Atilla Rustamli 25 fevral 4.csproj", "{C5FACF4F-3052-49DD-88EC-5BD7BE3DFF62}"
EndProject
Global
	GlobalSection(SolutionConfigurationPlatforms) = preSolution
		Debug|Any CPU = Debug|Any CPU
		Release|Any CPU = Release|Any CPU
	EndGlobalSection
	GlobalSection(ProjectConfigurationPlatforms) = postSolution
		{1094288D-0868-4024-B368-EF3E1DB64F43}.Debug|Any CPU.ActiveCfg = Debug|Any CPU
		{1094288D-0868-4024-B368-EF3E1DB64F43}.Debug|Any CPU.Build.0 = Debug|Any CPU
		{1094288D-0868-4024-B368-EF3E1DB64F43}.Release|Any CPU.ActiveCfg = Release|Any CPU
		{1094288D-0868-4024-B368-EF3E1DB64F43}.Release|Any CPU.Build.0 = Release|Any CPU
		{AF8C5834-6414-4C5F-BB7B-7951F9A5962D}.Debug|Any CPU.ActiveCfg = Debug|Any CPU
		{AF8C5834-6414-4C5F-BB7B-7951F9A5962D}.Debug|Any CPU.Build.0 = Debug|Any CPU
		{AF8C5834-6414-4C5F-BB7B-7951F9A5962D}.Release|Any CPU.ActiveCfg = Release|Any CPU
		{AF8C5834-6414-4C5F-BB7B-7951F9A5962D}.Release|Any CPU.Build.0 = Release|Any CPU
		{C66418C5-030F-4D04-822E-45DC0BB4CC90}.Debug|Any CPU.ActiveCfg = Debug|Any CPU
		{C66418C5-030F-4D04-822E-45DC0BB4CC90}.Debug|Any CPU.Build.0 = Debug|Any CPU
		{C66418C5-030F-4D04-822E-45DC0BB4CC90}.Release|Any CPU.ActiveCfg = Release|Any CPU
		{C66418C5-030F-4D04-822E-45DC0BB4CC90}.Release|Any CPU.Build.0 = Release|Any CPU
		{341597DE-EE66-43C5-BAB4-0E00C4C82B55}.Debug|Any CPU.ActiveCfg = Debug|Any CPU
		{341597DE-EE66-43C5-BAB4-0E00C4C82B55}.Debug|Any CPU.Build.0 = Debug|Any CPU
		{341597DE-EE66-43C5-BAB4-0E00C4C82B55}.Release|Any CPU.ActiveCfg = Release|Any CPU
		{341597DE-EE66-43C5-BAB4-0E00C4C82B55}.Release|Any CPU.Build.0 = Release|Any CPU
		{C5FACF4F-3052-49DD-88EC-5BD7BE3DFF62}.Debug|Any CPU.ActiveCfg = Debug|Any CPU
		{C5FACF4F-3052-49DD-88EC-5BD7BE3DFF62}.Debug|Any CPU.Build.0 = Debug|Any CPU
		{C5FACF4F-3052-49DD-88EC-5BD7BE3DFF62}.Release|Any CPU.ActiveCfg = Release|Any CPU
		{C5FACF4F-3052-49DD-88EC-5BD7BE3DFF62}.Release|Any CPU.Build.0 = Release|Any CPU
	EndGlobalSection
	GlobalSection(SolutionProperties) = preSolution
		HideSolutionNode = FALSE
	EndGlobalSection
	GlobalSection(ExtensibilityGlobals) = postSolution
		SolutionGuid = {E230C909-2B5E-42F9-BC1A-1BBFD67BBFB4}
	EndGlobalSection
EndGlobal
